lockfileVersion: '9.0'

settings:
  autoInstallPeers: true
  excludeLinksFromLockfile: false

importers:

  .:
    dependencies:
      next:
        specifier: canary
        version: 16.4.0-canary.16(@types/node@22.20.1)(react-dom@19.2.0(react@19.2.0))(react@19.2.0)
      react:
        specifier: 19.2.0
        version: 19.2.0
      react-dom:
        specifier: 19.2.0
        version: 19.2.0(react@19.2.0)
    devDependencies:
      '@devframes/hub':
        specifier: ^0.9.11
        version: 0.9.11(crossws@0.4.12(srvx@1.0.3))(devframe@0.9.11(cac@7.0.0)(srvx@1.0.3))
      '@devframes/plugin-a11y':
        specifier: ^0.9.11
        version: 0.9.11(devframe@0.9.11(cac@7.0.0)(srvx@1.0.3))
      '@devframes/plugin-code-server':
        specifier: ^0.9.11
        version: 0.9.11(@devframes/hub@0.9.11(crossws@0.4.12(srvx@1.0.3))(devframe@0.9.11(cac@7.0.0)(srvx@1.0.3)))(devframe@0.9.11(cac@7.0.0)(srvx@1.0.3))
      '@devframes/plugin-data-inspector':
        specifier: ^0.9.11
        version: 0.9.11(devframe@0.9.11(cac@7.0.0)(srvx@1.0.3))
      '@devframes/plugin-inspect':
        specifier: ^0.9.11
        version: 0.9.11(devframe@0.9.11(cac@7.0.0)(srvx@1.0.3))
      '@devframes/plugin-terminals':
        specifier: ^0.9.11
        version: 0.9.11(@devframes/hub@0.9.11(crossws@0.4.12(srvx@1.0.3))(devframe@0.9.11(cac@7.0.0)(srvx@1.0.3)))(devframe@0.9.11(cac@7.0.0)(srvx@1.0.3))
      '@types/node':
        specifier: ^22.10.2
        version: 22.20.1
      '@types/react':
        specifier: ^19.0.2
        version: 19.2.18
      '@types/react-dom':
        specifier: ^19.0.2
        version: 19.2.7(@types/react@19.2.18)
      typescript:
        specifier: ^5.7.2
        version: 5.9.3

packages:

  '@devframes/hub@0.9.11':
    resolution: {integrity: sha512-oK93xmp6E5SD+34SdE7eUBRFGREObQHlpiqTQefi/VfXFt1Lo3Sb8cBU8NbekLgsHIiHsmCsXuBWjRmH8TX0nQ==}
    peerDependencies:
      devframe: 0.9.11

  '@devframes/plugin-a11y@0.9.11':
    resolution: {integrity: sha512-Mce+hal4f1kt3wkzTqQkHuRosPIhoiHS2byCvoP6ZwXmb6tfhZh956qx6FpoyBcm6y/3eBrJ+tyNOX8ZHX+iuw==}
    hasBin: true
    peerDependencies:
      '@devframes/plugin-a11y--assets': 0.9.11
      devframe: 0.9.11
      vite: ^8.0.0
    peerDependenciesMeta:
      '@devframes/plugin-a11y--assets':
        optional: true
      vite:
        optional: true

  '@devframes/plugin-code-server@0.9.11':
    resolution: {integrity: sha512-bXpHTO63JEx+tnGb4IISvVKnDYTddIxTZSD/6rEwIB89bqoOcknDYqKUIF4FyaR0SlIldy4JKzMj69VlpE3+Dw==}
    hasBin: true
    peerDependencies:
      '@devframes/plugin-code-server--assets': 0.9.11
      devframe: 0.9.11
      vite: ^8.0.0
    peerDependenciesMeta:
      '@devframes/plugin-code-server--assets':
        optional: true
      vite:
        optional: true

  '@devframes/plugin-data-inspector@0.9.11':
    resolution: {integrity: sha512-MZQKOYNZQf0sOeX6xP1RyCBqsq4pI022IeSccTxUFx8ygib1XtxjjeSe+2PMtaxntqUYIsM4O/RWZzY0bswxVg==}
    hasBin: true
    peerDependencies:
      '@devframes/plugin-data-inspector--assets': 0.9.11
      devframe: 0.9.11
      vite: ^7.0.0 || ^8.0.0
    peerDependenciesMeta:
      '@devframes/plugin-data-inspector--assets':
        optional: true
      vite:
        optional: true

  '@devframes/plugin-inspect@0.9.11':
    resolution: {integrity: sha512-mnGpRvfffzL0EtIJuz6n+Y5qxc0ZnvrXQxn2xhj1hU85Fc7ugqk2I8Oj1AwmqClO78+jDU8+Tr+o1MGbR6krNQ==}
    hasBin: true
    peerDependencies:
      '@devframes/plugin-inspect--assets': 0.9.11
      devframe: 0.9.11
      vite: ^7.0.0 || ^8.0.0
    peerDependenciesMeta:
      '@devframes/plugin-inspect--assets':
        optional: true
      vite:
        optional: true

  '@devframes/plugin-terminals@0.9.11':
    resolution: {integrity: sha512-mEyu9nBRKq65PLuy5CkMLhmfUzhu3Fl+BIGzr/9eSMawHV3+NoQmdDySgSa/WNMhGhmjRXtuR1iH36BAerc/4g==}
    hasBin: true
    peerDependencies:
      '@devframes/plugin-terminals--assets': 0.9.11
      devframe: 0.9.11
      vite: ^8.0.0
    peerDependenciesMeta:
      '@devframes/plugin-terminals--assets':
        optional: true
      vite:
        optional: true

  '@devframes/vite@0.9.11':
    resolution: {integrity: sha512-KfGIBMY9hPcLQ6Vu384bjwde8iw5XPMvhk9L+kyygR6KKMxRZ+j/5FB8nSZNSTHwvIMWYsoWdB7DpdP395OX0A==}
    peerDependencies:
      '@devframes/hub': 0.9.11
      '@devframes/hub-ui': 0.9.11
      devframe: 0.9.11
      vite: ^7.0.0 || ^8.0.0
    peerDependenciesMeta:
      '@devframes/hub':
        optional: true
      '@devframes/hub-ui':
        optional: true
      vite:
        optional: true

  '@emnapi/runtime@1.11.3':
    resolution: {integrity: sha512-Xz4Tpyki7XyrpbUK1jR1AhdAdaXyhhY4lZ3neLodmhpuWfy2PAQN5B46sAiU4liOXGLkHypn/qU+jvfWSCYYLA==}

  '@img/colour@1.1.0':
    resolution: {integrity: sha512-Td76q7j57o/tLVdgS746cYARfSyxk8iEfRxewL9h4OMzYhbW4TAcppl0mT4eyqXddh6L/jwoM75mo7ixa/pCeQ==}
    engines: {node: '>=18'}

  '@img/sharp-darwin-arm64@0.35.4':
    resolution: {integrity: sha512-Uhfl4V4lhP2nbUVF9+hyH1+luj86f1gUFeo8ALYxFoULoU+G87D43BfeMP8XHsk9boxAnCY/bf2EHwhA7MuGsA==}
    engines: {node: '>=20.9.0'}
    cpu: [arm64]
    os: [darwin]

  '@img/sharp-darwin-x64@0.35.4':
    resolution: {integrity: sha512-hWniXY3bG5qKpkKrAwPe4y+VTPmf086YQAnkxWh7uA1YrlRouWGa0M0Mxj3ZjnXFkv7/TD1bTy9lGUK26vRvWw==}
    engines: {node: '>=20.9.0'}
    cpu: [x64]
    os: [darwin]

  '@img/sharp-freebsd-wasm32@0.35.4':
    resolution: {integrity: sha512-lIsKw/BU+kjB4eZjxrYrZmwOJYi3Ajrv66iAlBmUPyKc3HpnloevB1g3wxGD9P/5BbQ1brBGl65VRRrCvQDEqA==}
    engines: {node: '>=20.9.0'}
    os: [freebsd]

  '@img/sharp-libvips-darwin-arm64@1.3.3':
    resolution: {integrity: sha512-suTBPTDGrI9WodccaDdwZItTSaBYASlBk1NSfElSHrUfzu3szG6lvIF58+WiFvnfzuK8ZBFS5zE00PxqxnRiPg==}
    cpu: [arm64]
    os: [darwin]

  '@img/sharp-libvips-darwin-x64@1.3.3':
    resolution: {integrity: sha512-FVJZ5mITMobmXIz/hPDTw0EintTW5H3WfrxwLqEqjiIihlu+hVRyGrFQ60xl0Lxn7Bt3zdpevPaQi0HEzqz9fw==}
    cpu: [x64]
    os: [darwin]

  '@img/sharp-libvips-linux-arm64@1.3.3':
    resolution: {integrity: sha512-0DaL0A6Xu6sQSQFwe4iVCrKWU2cCTItnRsYsCdxAMm9NF6twAA9BKnoqy4hqz4+azQ0JHuA26qiUKsf1XJ/v5A==}
    cpu: [arm64]
    os: [linux]
    libc: [glibc]

  '@img/sharp-libvips-linux-arm@1.3.3':
    resolution: {integrity: sha512-3rbU4vqXXc3hY/OiXdl52xZvT0F1yEngWfvqudtPJg/KkyiaQw2DRsFrNzpmLvfavbwOq3qXn36GP8obHRULQA==}
    cpu: [arm]
    os: [linux]
    libc: [glibc]

  '@img/sharp-libvips-linux-ppc64@1.3.3':
    resolution: {integrity: sha512-cdn1OvUBwsXhbC0zSzJnNzf5MZ/mTrobawDvNXBTxe8VtqKAm0sRuEY2Evzovb/w9JMk4TvRxqt1mekSuJz64w==}
    cpu: [ppc64]
    os: [linux]
    libc: [glibc]

  '@img/sharp-libvips-linux-riscv64@1.3.3':
    resolution: {integrity: sha512-HjPVx7yKz+0lqdhDlTw1tt90wamBoxhiXpvl1XZpJLiHH4RCJ5yDTqH+VlYPv2fwFs89JFw4c1IexYOcQUi4IQ==}
    cpu: [riscv64]
    os: [linux]
    libc: [glibc]

  '@img/sharp-libvips-linux-s390x@1.3.3':
    resolution: {integrity: sha512-neWLh+3yCNThxnfy3c4BbVBeGgt9aftno+XbT56iK28RgeDs3UOFWviLWlUu0bArYVYJaFDK+RRohbicUNCm8Q==}
    cpu: [s390x]
    os: [linux]
    libc: [glibc]

  '@img/sharp-libvips-linux-x64@1.3.3':
    resolution: {integrity: sha512-4vKmvAst9nrowcqquKFAyZJUDolUaIp8uRiN0mWFguJ1IplC9/pitXtlnnlU4aa/eJw3J7i67V+pwUL+wZGdsA==}
    cpu: [x64]
    os: [linux]
    libc: [glibc]

  '@img/sharp-libvips-linuxmusl-arm64@1.3.3':
    resolution: {integrity: sha512-Y9kQaLMuNoB0bPYOOdcZMaseNrFpPodIWWMrx+CZyydf2xn68j9WYc6sWWRrDwNkzCQjKYfc68L7jKjGlHMibw==}
    cpu: [arm64]
    os: [linux]
    libc: [musl]

  '@img/sharp-libvips-linuxmusl-x64@1.3.3':
    resolution: {integrity: sha512-fj8Mv0HHfD1Rr+4I68+3agJynxDWtBFgicTbSOb9Bke6pIwzGcJ+RX/yHjmiEGFMCavY/dxvem7MyNaJF+wDiw==}
    cpu: [x64]
    os: [linux]
    libc: [musl]

  '@img/sharp-linux-arm64@0.35.4':
    resolution: {integrity: sha512-De4jpEnAU8Hd5oT0j1G3uL4ZvTuipVMn7YC6vPaJhy6/7EwEae0SVAoBrUMYQbkLGDm85taVWwuPc1a44LTzCQ==}
    engines: {node: '>=20.9.0'}
    cpu: [arm64]
    os: [linux]
    libc: [glibc]

  '@img/sharp-linux-arm@0.35.4':
    resolution: {integrity: sha512-7OAS8gI0EReKGVN2HssHlM6umJgxF5VI3xN0p9FA91p/YO+ou5hiNghLdZ5BEHztwaaK5+bLKRf8x/o2L2nk9A==}
    engines: {node: '>=20.9.0'}
    cpu: [arm]
    os: [linux]
    libc: [glibc]

  '@img/sharp-linux-ppc64@0.35.4':
    resolution: {integrity: sha512-2oYZJeIl4kCcMGk4ouZVjnkCtFrpQFlNEtJ6GbxzhHQchwH0NH/qEb9ykmOl29dqwMq+JhFdZn+1ak2FKhI9fQ==}
    engines: {node: '>=20.9.0'}
    cpu: [ppc64]
    os: [linux]
    libc: [glibc]

  '@img/sharp-linux-riscv64@0.35.4':
    resolution: {integrity: sha512-cPbNChoRURAWdebDIHSenxRpgEdy7JkPydSnUxRm9VvKD7m0/xVaR/8Fzlu81pk5nHEvHH87UZUA7cTtwnbJSA==}
    engines: {node: '>=20.9.0'}
    cpu: [riscv64]
    os: [linux]
    libc: [glibc]

  '@img/sharp-linux-s390x@0.35.4':
    resolution: {integrity: sha512-RY0JFY8Fd6RonCBtHz+DvadaPkXDSI1AUn6yWL9TipqkZ1vY8w8evqdgyDFnkm4/K1ve1TvZiaePP5oSd4+WVQ==}
    engines: {node: '>=20.9.0'}
    cpu: [s390x]
    os: [linux]
    libc: [glibc]

  '@img/sharp-linux-x64@0.35.4':
    resolution: {integrity: sha512-9qvvEAuk8k89TfWUoX2htWjbAMX8p+NxCppjpcg5k6xMsjhBQPTsoIh36h9Qde4WRuGpJeYnOjdosDn/cnv+OA==}
    engines: {node: '>=20.9.0'}
    cpu: [x64]
    os: [linux]
    libc: [glibc]

  '@img/sharp-linuxmusl-arm64@0.35.4':
    resolution: {integrity: sha512-KB5jxpfWQTr0nc3xdHtWChdbifHrBGsd2SM62Eyxrl8afikm+f5qGBU75SJIZBT/S1MC8XyacdlXBMSWq6OURA==}
    engines: {node: '>=20.9.0'}
    cpu: [arm64]
    os: [linux]
    libc: [musl]

  '@img/sharp-linuxmusl-x64@0.35.4':
    resolution: {integrity: sha512-f+eZJZIQNEEd26RPSW+76chwOf1XtA2Y/O+5ocVyLliHkeih3e+jhLVBdNTd2rS3IbNXK8+ug93Vf5ZXtF5Lxg==}
    engines: {node: '>=20.9.0'}
    cpu: [x64]
    os: [linux]
    libc: [musl]

  '@img/sharp-wasm32@0.35.4':
    resolution: {integrity: sha512-zQnl4Kwp7Q6NHsENtU2T/00Zi+w3AQNwz3+UaTyVBy2FpXrzXzGjndpK61onhZjRtRpQXxCTeqw19bVyXOh7jA==}
    engines: {node: '>=20.9.0'}

  '@img/sharp-webcontainers-wasm32@0.35.4':
    resolution: {integrity: sha512-ESfNkywmCfPNyaZjxooddJQiQ+l/nTpGEOGthxiLnIHXC/CmcBixnfwUleX9mCz9ovrUUvKMap/pm8RYbzfwaA==}
    engines: {node: '>=20.9.0'}
    cpu: [wasm32]

  '@img/sharp-win32-arm64@0.35.4':
    resolution: {integrity: sha512-iNdlBX9gLVvqe2I3uIJSIKTq6wckP/DYxZtcqxm09x5Gi24DnFBmPAWZmr60ZyYMG0xlzo6goG3670ar+RXvRw==}
    engines: {node: '>=20.9.0'}
    cpu: [arm64]
    os: [win32]

  '@img/sharp-win32-ia32@0.35.4':
    resolution: {integrity: sha512-kqRsbaa5CS6KHlpxnN7WhE6vAAugXyZButpRdvDWetlv6Qv4N9WTcrWzF7tXfB9T7MsoadqdI8hmwLq6UlLvtw==}
    engines: {node: ^20.9.0}
    cpu: [ia32]
    os: [win32]

  '@img/sharp-win32-x64@0.35.4':
    resolution: {integrity: sha512-XtmnYhBcrORsJ4XJngyzr/EWP0hRZLAZRFaApdKuviyqF78+ylxh2y06ZmtULAMOnObJ3ucpN0AcwSWnMowTRg==}
    engines: {node: '>=20.9.0'}
    cpu: [x64]
    os: [win32]

  '@modelcontextprotocol/core@2.0.0':
    resolution: {integrity: sha512-pJCEwGG7Lfr/+PQp9ZTwKXNeO5wzbfKL7H3MYpCorM4oFBoQrdjnBgEoqG+RjhsvS1FKrDbKux+M1HhlnGWqcA==}
    engines: {node: '>=20'}

  '@modelcontextprotocol/server@2.0.0':
    resolution: {integrity: sha512-YhHWdHfpFMQfd0prsEnxKeS3Qz3ytIGmsS0sth4KDjnacIT7hxk6hXHkJ9KysxlkvTM+WZAtQbbcUhdoP4Hvtw==}
    engines: {node: '>=20'}

  '@next/env@16.4.0-canary.16':
    resolution: {integrity: sha512-IM2CYCVOWxmQP6n6XdtGcC9M9BvfJVkenvBqhaHjujQGxrr8anAtdRADtl1TQfveC3SJ30T3Eqsa5rnkMnRSEQ==}

  '@next/swc-darwin-arm64@16.4.0-canary.16':
    resolution: {integrity: sha512-y0D1fi2i/CWzXMKceS5WJAuLqOGn8jzdMCLbKunyTv/+O+OEO9zDKXDNaqluFkAxdg2cBJtkgKEm9sUzGeVhSQ==}
    engines: {node: '>= 10'}
    cpu: [arm64]
    os: [darwin]

  '@next/swc-darwin-x64@16.4.0-canary.16':
    resolution: {integrity: sha512-cM3i2Oj+Bpsct/Ax/IqSMfPkS+dsGtaA/L4bP2WQDH3HQhFd9EFwml/zSplARwYJiRdc4qLFtodCjXkFr36EYw==}
    engines: {node: '>= 10'}
    cpu: [x64]
    os: [darwin]

  '@next/swc-linux-arm64-gnu@16.4.0-canary.16':
    resolution: {integrity: sha512-0kqwsSiML0KHrv6QBwXHmZxTElOySy08KAtHqEYBBWEl5vi4D+xULudGUbulErqu94rqfdhn1MmkagOVeJE+UA==}
    engines: {node: '>= 10'}
    cpu: [arm64]
    os: [linux]
    libc: [glibc]

  '@next/swc-linux-arm64-musl@16.4.0-canary.16':
    resolution: {integrity: sha512-EXWhO6RKjnxcAn6uY7ACFpU/Jno2frWbWxRLmaeaXrVtD8o7vdqJ64YEQNWYc1VU8HrUGezoW4iOn/6a6UB7gA==}
    engines: {node: '>= 10'}
    cpu: [arm64]
    os: [linux]
    libc: [musl]

  '@next/swc-linux-x64-gnu@16.4.0-canary.16':
    resolution: {integrity: sha512-QRkuRASmvPfqTUWl/YWCqCxcFFr2Cs8dBLhh4FYR8MQoq+cpSmJA49ncN5DcWQlbnO2apCh+BxmeWNhtvGzjTw==}
    engines: {node: '>= 10'}
    cpu: [x64]
    os: [linux]
    libc: [glibc]

  '@next/swc-linux-x64-musl@16.4.0-canary.16':
    resolution: {integrity: sha512-J9NDOQdELe2NICqNxs2XjPuiojM3ufTiIPZ92dpOFQB5pZdSGiaCqCkFmcoocolm3GumkiksmTn6pheZTPF2Vg==}
    engines: {node: '>= 10'}
    cpu: [x64]
    os: [linux]
    libc: [musl]

  '@next/swc-win32-arm64-msvc@16.4.0-canary.16':
    resolution: {integrity: sha512-x1hyI2Sj3m5p8lDJMIPG5QUp+vDVGMHECq/wlyhgea8csA7UFhn9xWELqng8H0ynN96Ct3Y29EX83EJsaerM9A==}
    engines: {node: '>= 10'}
    cpu: [arm64]
    os: [win32]

  '@next/swc-win32-x64-msvc@16.4.0-canary.16':
    resolution: {integrity: sha512-sPVvXcuCbpa+69ZxSAWiN2tHAMyvswAlfYOkJfzfFpidlsvwTqf0VxK/1l6XiMi5HQ9EZLQTuv18d6A6VHiHdQ==}
    engines: {node: '>= 10'}
    cpu: [x64]
    os: [win32]

  '@standard-schema/spec@1.1.0':
    resolution: {integrity: sha512-l2aFy5jALhniG5HgqrD6jXLi/rUWrKvqN/qJx6yoJsgKhblVd+iqqU4RCXavm/jPityDo5TCvKMnpjKnOriy0w==}

  '@swc/helpers@0.5.23':
    resolution: {integrity: sha512-5lSsMOTXURePglDfvuAQUqkGek9Hg2kksOYay2m0+XR++b2NWYL/4sWyuvVBIs8oKnJaxkdi9whaL/sqN13afw==}

  '@types/node@22.20.1':
    resolution: {integrity: sha512-EANqOCF9QFyra+4pfxUcX9STKJpCLjMbObVzljIJomAWSnuSIEAvyzEU53GaajbXJEgdh0iEcPL+DGvpUd4k1Q==}

  '@types/react-dom@19.2.7':
    resolution: {integrity: sha512-I8bPpDLcHBv1qiIiXDCy71Rt8eQDKJP0sMSWJphDdAcdqiJ1sGpZamavoEIRZmYzjia9LuEb2HlYdDpmoENpvQ==}
    peerDependencies:
      '@types/react': ^19.2.0

  '@types/react@19.2.18':
    resolution: {integrity: sha512-AnzbBERsrLKtk2XSfTbYRLjQPdy116Sty4q+T+Bp3IC4l6jNBvreVPAHmpq9qhXQM7CXZPjLVmGMw9sy+hxQ3w==}

  baseline-browser-mapping@2.11.21:
    resolution: {integrity: sha512-uh8vpY/1/YyFkunIDFH/12p7/7VdPKA1hejMVEbdkEaWnUz0Hesvx5EbiU6XxjyHZIOju+ZMbQJkRh+es3/spQ==}
    engines: {node: '>=6.0.0'}
    hasBin: true

  birpc@4.2.0:
    resolution: {integrity: sha512-KxgKcZPfrtzJDDALHPguGpGJUrzdgpymyiQQgzFjWreHMOpWrnFNVREr5J48x2DBh8ZVioscrV1SBkDipGiX+Q==}

  cac@7.0.0:
    resolution: {integrity: sha512-tixWYgm5ZoOD+3g6UTea91eow5z6AAHaho3g0V9CNSNb45gM8SmflpAc+GRd1InC4AqN/07Unrgp56Y94N9hJQ==}
    engines: {node: '>=20.19.0'}

  caniuse-lite@1.0.30001810:
    resolution: {integrity: sha512-TITQPUkaz+aVk5GL6NhOdwk1aEaNTSDPsGFWrTuhKGtjTF70jL/Oht2W4c6rXUe5fu7Ie19VIahAXHIIiWWNeg==}

  client-only@0.0.1:
    resolution: {integrity: sha512-IV3Ou0jSMzZrd3pZ48nLkT9DA7Ag1pnPzaiQhpW7c3RbcqqzvzzVu+L8gfqMp/8IM2MQtSiqaCxrrcfu8I8rMA==}

  crossws@0.4.12:
    resolution: {integrity: sha512-aypfsr6t0uNvkqaZc6zvBfXzC6pLI0/sIulpkV6RwCVtZqG5ebBzv4weImKK0VNCj91Wl9F5j7p5WU4MNrybng==}
    peerDependencies:
      srvx: '>=0.11.5'
    peerDependenciesMeta:
      srvx:
        optional: true

  csstype@3.2.3:
    resolution: {integrity: sha512-z1HGKcYy2xA8AGQfwrn0PAy+PB7X/GSj3UVJW9qKyn43xWa+gl5nXmU4qqLMRzWVLFC8KusUX8T/0kCiOYpAIQ==}

  destr@2.0.5:
    resolution: {integrity: sha512-ugFTXCtDZunbzasqBxrK93Ik/DRYsO6S/fedkWEMKqt04xZ4csmnmwGDBAb07QWNaGMAmnTIemsYZCksjATwsA==}

  detect-libc@2.1.2:
    resolution: {integrity: sha512-Btj2BOOO83o3WyH59e8MgXsxEQVcarkUOpEYrubB0urwnN10yQ364rsiByU11nZlqWYZm05i/of7io4mzihBtQ==}
    engines: {node: '>=8'}

  devframe@0.9.11:
    resolution: {integrity: sha512-6zCHsycinUV8KAvV/wqWBik7NtD2hxyJIS+kJNeCHun68D0yQdrIQX7ak6QYylVi8vdvBH3k5Pa+oced+ru1MA==}
    hasBin: true
    peerDependencies:
      '@modelcontextprotocol/client': ^2.0.0
      cac: ^7.0.0
    peerDependenciesMeta:
      '@modelcontextprotocol/client':
        optional: true
      cac:
        optional: true

  h3@2.0.1-rc.31:
    resolution: {integrity: sha512-AG7qZzF99a0BSYoXT3evJgIhwSIUKow7R+hwkLRZS06WJ9nbSb7QXUDgs1ByBjp6svTvl++N/GKA7I9YPz9cQQ==}
    engines: {node: '>=20.11.1'}
    hasBin: true
    peerDependencies:
      crossws: ^0.4.12
      ocache: '>=0.3.0'
    peerDependenciesMeta:
      crossws:
        optional: true
      ocache:
        optional: true

  mrmime@2.0.1:
    resolution: {integrity: sha512-Y3wQdFg2Va6etvQ5I82yUhGdsKrcYox6p7FfL1LbK2J4V01F9TGlepTIhnK24t7koZibmg82KGglhA1XK5IsLQ==}
    engines: {node: '>=10'}

  nanoid@3.3.18:
    resolution: {integrity: sha512-DTg4MJbGMWkfi6VZFdNt2/caMbQy4Ou+Op/hJQvGEWcnVfoA1QA+xzRKAzw9jD6+GVOOeYr/mIcuDSdug6F6+w==}
    engines: {node: ^10 || ^12 || ^13.7 || ^14 || >=15.0.1}
    hasBin: true

  next@16.4.0-canary.16:
    resolution: {integrity: sha512-7A9G91jnm5n1wwzoyW3vwFpPPQg8JYQyhRcKuDWPoDD3kzsv2OVki5J/aCN2sXev/BVHv3r6+HoUr9559Pnctw==}
    engines: {node: '>=20.9.0'}
    hasBin: true
    peerDependencies:
      '@opentelemetry/api': ^1.1.0
      '@playwright/test': ^1.51.1
      babel-plugin-react-compiler: '*'
      react: ^18.2.0 || 19.0.0-rc-de68d2f4-20241204 || ^19.0.0
      react-dom: ^18.2.0 || 19.0.0-rc-de68d2f4-20241204 || ^19.0.0
      sass: ^1.3.0
    peerDependenciesMeta:
      '@opentelemetry/api':
        optional: true
      '@playwright/test':
        optional: true
      babel-plugin-react-compiler:
        optional: true
      sass:
        optional: true

  nostics@1.2.0:
    resolution: {integrity: sha512-FGqEfhQjrvo1lL8KFifdTQiNwwQHJxC1jtYE1Rc54qF/jxONUNL+kC9gS1krX8Q65PgrQ5fCqH/I4NhWBvdSqg==}

  pathe@2.0.3:
    resolution: {integrity: sha512-WUjGcAqP1gQacoQe+OBJsFA7Ld4DyXuUIjZ5cc75cLHvJ7dtNsTugphxIADwspS+AraAUePCKrSVtPLFj/F88w==}

  perfect-debounce@2.1.0:
    resolution: {integrity: sha512-LjgdTytVFXeUgtHZr9WYViYSM/g8MkcTPYDlPa3cDqMirHjKiSZPYd6DoL7pK8AJQr+uWkQvCjHNdiMqsrJs+g==}

  picocolors@1.1.1:
    resolution: {integrity: sha512-xceH2snhtb5M9liqDsmEw56le376mTZkEX/jEb/RxNFyegNul7eNslCXP9FDj/Lcu0X8KEyMceP2ntpaHrDEVA==}

  postcss@8.5.23:
    resolution: {integrity: sha512-g50586zr4bZmwFiTlflMu8E0bDTb5I5gertgwAKmsdUlTQIhZtunzUlD1WSzwcVWPoAVpsrA6vlfCD7oXvRwgg==}
    engines: {node: ^10 || ^12 || >=14}

  react-dom@19.2.0:
    resolution: {integrity: sha512-UlbRu4cAiGaIewkPyiRGJk0imDN2T3JjieT6spoL2UeSf5od4n5LB/mQ4ejmxhCFT1tYe8IvaFulzynWovsEFQ==}
    peerDependencies:
      react: ^19.2.0

  react@19.2.0:
    resolution: {integrity: sha512-tmbWg6W31tQLeB5cdIBOicJDJRR2KzXsV7uSK9iNfLWQ5bIZfxuPEHp7M8wiHyHnn0DD1i7w3Zmin0FtkrwoCQ==}
    engines: {node: '>=0.10.0'}

  rou3@0.9.2:
    resolution: {integrity: sha512-3SOzvaAg8rkHrXtRjpCvCvbyO5to9oOO27Z/XqHEYXfMRVSw/qMIVdmaOk9W2lcRLtR6dlqTjo9hDeJk70QBYQ==}

  scheduler@0.27.0:
    resolution: {integrity: sha512-eNv+WrVbKu1f3vbYJT/xtiF5syA5HPIMtf9IgY/nKg0sWqzAUEvqY/xm7OcZc/qafLx/iO9FgOmeSAp4v5ti/Q==}

  semver@7.8.5:
    resolution: {integrity: sha512-Y7/KDsb8LjooZpwaqGyulO6DQlksgCncchHGk+sZIY4SBvUocMBEFH5Ur1fI4dV+Jvl0w6cjvucaIi40puRioA==}
    engines: {node: '>=10'}
    hasBin: true

  sharp@0.35.4:
    resolution: {integrity: sha512-n++8XWcj+jCOr2IOl7h8LbKnGBDY4aPbmprMONBNFdn0ImXqpGVv5zliDs0V9HbmbCQLpbuo2ej9rAoOQTvMDA==}
    engines: {node: '>=20.9.0'}
    peerDependencies:
      '@types/node': '*'
    peerDependenciesMeta:
      '@types/node':
        optional: true

  source-map-js@1.2.1:
    resolution: {integrity: sha512-UXWMKhLOwVKb728IUtQPXxfYU+usdybtUrK/8uGE8CQMvrhOpwvzDBwj0QhSL7MQc7vIsISBG8VQ8+IDQxpfQA==}
    engines: {node: '>=0.10.0'}

  srvx@1.0.3:
    resolution: {integrity: sha512-aOuk+yNJA61yA6eJJvQJxpJLIxz090hKMqDGzd35tGsvwaodi1RPuYSFUp5EINaJp7snjVwLkO2RXVMPZBYnnA==}
    engines: {node: '>=20.16.0'}
    hasBin: true

  styled-jsx@5.1.6:
    resolution: {integrity: sha512-qSVyDTeMotdvQYoHWLNGwRFJHC+i+ZvdBRYosOFgC+Wg1vx4frN2/RG/NA7SYqqvKNLf39P2LSRA2pu6n0XYZA==}
    engines: {node: '>= 12.0.0'}
    peerDependencies:
      '@babel/core': '*'
      babel-plugin-macros: '*'
      react: '>= 16.8.0 || 17.x.x || ^18.0.0-0 || ^19.0.0-0'
    peerDependenciesMeta:
      '@babel/core':
        optional: true
      babel-plugin-macros:
        optional: true

  tinyexec@1.3.1:
    resolution: {integrity: sha512-GCvB3aoys96IuDFBMcTB46JOR6mdMtAToqwiW8JlWhsoh1mhHi/xn9ss/Dg7N555GiJyEt2qzoG/NHCwM6h1EA==}
    engines: {node: '>=18'}

  tslib@2.8.1:
    resolution: {integrity: sha512-oJFu94HQb+KVduSUQL7wnpmqnfmLsOA/nAh6b6EH0wCEoK0/mPeXU6c3wKDV83MkOuHPRHtSXKKU99IBazS/2w==}

  typescript@5.9.3:
    resolution: {integrity: sha512-jl1vZzPDinLr9eUt3J/t7V6FgNEw9QjvBPdysz9KfQDD41fQrC2Y4vKQdiaUpFT4bXlb1RHhLpp8wtm6M5TgSw==}
    engines: {node: '>=14.17'}
    hasBin: true

  ufo@1.6.4:
    resolution: {integrity: sha512-JFNbkD1Svwe0KvGi8GOeLcP4kAWQ609twvCdcHxq1oSL8svv39ZuSvajcD8B+5D0eL4+s1Is2D/O6KN3qcTeRA==}

  undici-types@6.21.0:
    resolution: {integrity: sha512-iwDZqg0QAGrg9Rav5H4n0M64c3mkR59cJ6wQp+7C4nI0gsmExaedaYLNO44eT4AtBBwjbTiGPMlt2Md0T9H9JQ==}

  zigpty@0.2.1:
    resolution: {integrity: sha512-MR9JqJx2wf5f4wz8zpx050AlqrmWeIW+1h0SO5iEyhG3HFRjY5luC3szS2ux2EGuPjE5OU9ZAuiCBeMWBTrqZw==}

  zod@4.5.4:
    resolution: {integrity: sha512-sC95tT5iHHH9gtpj6A81kh+NEaRAUFN+qlUPDUbRfOMvNf5QCBqsb3WgvnpVtK5Y+4UfA6KqufotuTvMGiTlsA==}

snapshots:

  '@devframes/hub@0.9.11(crossws@0.4.12(srvx@1.0.3))(devframe@0.9.11(cac@7.0.0)(srvx@1.0.3))':
    dependencies:
      '@standard-schema/spec': 1.1.0
      destr: 2.0.5
      devframe: 0.9.11(cac@7.0.0)(srvx@1.0.3)
      h3: 2.0.1-rc.31(crossws@0.4.12(srvx@1.0.3))
      pathe: 2.0.3
      perfect-debounce: 2.1.0
      tinyexec: 1.3.1
      ufo: 1.6.4
      zigpty: 0.2.1
    transitivePeerDependencies:
      - crossws
      - ocache

  '@devframes/plugin-a11y@0.9.11(devframe@0.9.11(cac@7.0.0)(srvx@1.0.3))':
    dependencies:
      cac: 7.0.0
      devframe: 0.9.11(cac@7.0.0)(srvx@1.0.3)

  '@devframes/plugin-code-server@0.9.11(@devframes/hub@0.9.11(crossws@0.4.12(srvx@1.0.3))(devframe@0.9.11(cac@7.0.0)(srvx@1.0.3)))(devframe@0.9.11(cac@7.0.0)(srvx@1.0.3))':
    dependencies:
      '@devframes/vite': 0.9.11(@devframes/hub@0.9.11(crossws@0.4.12(srvx@1.0.3))(devframe@0.9.11(cac@7.0.0)(srvx@1.0.3)))(devframe@0.9.11(cac@7.0.0)(srvx@1.0.3))
      cac: 7.0.0
      devframe: 0.9.11(cac@7.0.0)(srvx@1.0.3)
    transitivePeerDependencies:
      - '@devframes/hub'
      - '@devframes/hub-ui'

  '@devframes/plugin-data-inspector@0.9.11(devframe@0.9.11(cac@7.0.0)(srvx@1.0.3))':
    dependencies:
      cac: 7.0.0
      devframe: 0.9.11(cac@7.0.0)(srvx@1.0.3)

  '@devframes/plugin-inspect@0.9.11(devframe@0.9.11(cac@7.0.0)(srvx@1.0.3))':
    dependencies:
      cac: 7.0.0
      devframe: 0.9.11(cac@7.0.0)(srvx@1.0.3)

  '@devframes/plugin-terminals@0.9.11(@devframes/hub@0.9.11(crossws@0.4.12(srvx@1.0.3))(devframe@0.9.11(cac@7.0.0)(srvx@1.0.3)))(devframe@0.9.11(cac@7.0.0)(srvx@1.0.3))':
    dependencies:
      '@devframes/vite': 0.9.11(@devframes/hub@0.9.11(crossws@0.4.12(srvx@1.0.3))(devframe@0.9.11(cac@7.0.0)(srvx@1.0.3)))(devframe@0.9.11(cac@7.0.0)(srvx@1.0.3))
      cac: 7.0.0
      devframe: 0.9.11(cac@7.0.0)(srvx@1.0.3)
      zigpty: 0.2.1
    transitivePeerDependencies:
      - '@devframes/hub'
      - '@devframes/hub-ui'

  '@devframes/vite@0.9.11(@devframes/hub@0.9.11(crossws@0.4.12(srvx@1.0.3))(devframe@0.9.11(cac@7.0.0)(srvx@1.0.3)))(devframe@0.9.11(cac@7.0.0)(srvx@1.0.3))':
    dependencies:
      devframe: 0.9.11(cac@7.0.0)(srvx@1.0.3)
      pathe: 2.0.3
    optionalDependencies:
      '@devframes/hub': 0.9.11(crossws@0.4.12(srvx@1.0.3))(devframe@0.9.11(cac@7.0.0)(srvx@1.0.3))

  '@emnapi/runtime@1.11.3':
    dependencies:
      tslib: 2.8.1
    optional: true

  '@img/colour@1.1.0':
    optional: true

  '@img/sharp-darwin-arm64@0.35.4':
    optionalDependencies:
      '@img/sharp-libvips-darwin-arm64': 1.3.3
    optional: true

  '@img/sharp-darwin-x64@0.35.4':
    optionalDependencies:
      '@img/sharp-libvips-darwin-x64': 1.3.3
    optional: true

  '@img/sharp-freebsd-wasm32@0.35.4':
    dependencies:
      '@img/sharp-wasm32': 0.35.4
    optional: true

  '@img/sharp-libvips-darwin-arm64@1.3.3':
    optional: true

  '@img/sharp-libvips-darwin-x64@1.3.3':
    optional: true

  '@img/sharp-libvips-linux-arm64@1.3.3':
    optional: true

  '@img/sharp-libvips-linux-arm@1.3.3':
    optional: true

  '@img/sharp-libvips-linux-ppc64@1.3.3':
    optional: true

  '@img/sharp-libvips-linux-riscv64@1.3.3':
    optional: true

  '@img/sharp-libvips-linux-s390x@1.3.3':
    optional: true

  '@img/sharp-libvips-linux-x64@1.3.3':
    optional: true

  '@img/sharp-libvips-linuxmusl-arm64@1.3.3':
    optional: true

  '@img/sharp-libvips-linuxmusl-x64@1.3.3':
    optional: true

  '@img/sharp-linux-arm64@0.35.4':
    optionalDependencies:
      '@img/sharp-libvips-linux-arm64': 1.3.3
    optional: true

  '@img/sharp-linux-arm@0.35.4':
    optionalDependencies:
      '@img/sharp-libvips-linux-arm': 1.3.3
    optional: true

  '@img/sharp-linux-ppc64@0.35.4':
    optionalDependencies:
      '@img/sharp-libvips-linux-ppc64': 1.3.3
    optional: true

  '@img/sharp-linux-riscv64@0.35.4':
    optionalDependencies:
      '@img/sharp-libvips-linux-riscv64': 1.3.3
    optional: true

  '@img/sharp-linux-s390x@0.35.4':
    optionalDependencies:
      '@img/sharp-libvips-linux-s390x': 1.3.3
    optional: true

  '@img/sharp-linux-x64@0.35.4':
    optionalDependencies:
      '@img/sharp-libvips-linux-x64': 1.3.3
    optional: true

  '@img/sharp-linuxmusl-arm64@0.35.4':
    optionalDependencies:
      '@img/sharp-libvips-linuxmusl-arm64': 1.3.3
    optional: true

  '@img/sharp-linuxmusl-x64@0.35.4':
    optionalDependencies:
      '@img/sharp-libvips-linuxmusl-x64': 1.3.3
    optional: true

  '@img/sharp-wasm32@0.35.4':
    dependencies:
      '@emnapi/runtime': 1.11.3
    optional: true

  '@img/sharp-webcontainers-wasm32@0.35.4':
    dependencies:
      '@img/sharp-wasm32': 0.35.4
    optional: true

  '@img/sharp-win32-arm64@0.35.4':
    optional: true

  '@img/sharp-win32-ia32@0.35.4':
    optional: true

  '@img/sharp-win32-x64@0.35.4':
    optional: true

  '@modelcontextprotocol/core@2.0.0':
    dependencies:
      zod: 4.5.4

  '@modelcontextprotocol/server@2.0.0':
    dependencies:
      '@modelcontextprotocol/core': 2.0.0
      zod: 4.5.4

  '@next/env@16.4.0-canary.16': {}

  '@next/swc-darwin-arm64@16.4.0-canary.16':
    optional: true

  '@next/swc-darwin-x64@16.4.0-canary.16':
    optional: true

  '@next/swc-linux-arm64-gnu@16.4.0-canary.16':
    optional: true

  '@next/swc-linux-arm64-musl@16.4.0-canary.16':
    optional: true

  '@next/swc-linux-x64-gnu@16.4.0-canary.16':
    optional: true

  '@next/swc-linux-x64-musl@16.4.0-canary.16':
    optional: true

  '@next/swc-win32-arm64-msvc@16.4.0-canary.16':
    optional: true

  '@next/swc-win32-x64-msvc@16.4.0-canary.16':
    optional: true

  '@standard-schema/spec@1.1.0': {}

  '@swc/helpers@0.5.23':
    dependencies:
      tslib: 2.8.1

  '@types/node@22.20.1':
    dependencies:
      undici-types: 6.21.0

  '@types/react-dom@19.2.7(@types/react@19.2.18)':
    dependencies:
      '@types/react': 19.2.18

  '@types/react@19.2.18':
    dependencies:
      csstype: 3.2.3

  baseline-browser-mapping@2.11.21: {}

  birpc@4.2.0: {}

  cac@7.0.0: {}

  caniuse-lite@1.0.30001810: {}

  client-only@0.0.1: {}

  crossws@0.4.12(srvx@1.0.3):
    optionalDependencies:
      srvx: 1.0.3

  csstype@3.2.3: {}

  destr@2.0.5: {}

  detect-libc@2.1.2:
    optional: true

  devframe@0.9.11(cac@7.0.0)(srvx@1.0.3):
    dependencies:
      '@modelcontextprotocol/server': 2.0.0
      '@standard-schema/spec': 1.1.0
      birpc: 4.2.0
      crossws: 0.4.12(srvx@1.0.3)
      h3: 2.0.1-rc.31(crossws@0.4.12(srvx@1.0.3))
      mrmime: 2.0.1
      nostics: 1.2.0
      pathe: 2.0.3
      ufo: 1.6.4
    optionalDependencies:
      cac: 7.0.0
    transitivePeerDependencies:
      - ocache
      - srvx

  h3@2.0.1-rc.31(crossws@0.4.12(srvx@1.0.3)):
    dependencies:
      rou3: 0.9.2
      srvx: 1.0.3
    optionalDependencies:
      crossws: 0.4.12(srvx@1.0.3)

  mrmime@2.0.1: {}

  nanoid@3.3.18: {}

  next@16.4.0-canary.16(@types/node@22.20.1)(react-dom@19.2.0(react@19.2.0))(react@19.2.0):
    dependencies:
      '@next/env': 16.4.0-canary.16
      '@swc/helpers': 0.5.23
      baseline-browser-mapping: 2.11.21
      caniuse-lite: 1.0.30001810
      postcss: 8.5.23
      react: 19.2.0
      react-dom: 19.2.0(react@19.2.0)
      styled-jsx: 5.1.6(react@19.2.0)
    optionalDependencies:
      '@next/swc-darwin-arm64': 16.4.0-canary.16
      '@next/swc-darwin-x64': 16.4.0-canary.16
      '@next/swc-linux-arm64-gnu': 16.4.0-canary.16
      '@next/swc-linux-arm64-musl': 16.4.0-canary.16
      '@next/swc-linux-x64-gnu': 16.4.0-canary.16
      '@next/swc-linux-x64-musl': 16.4.0-canary.16
      '@next/swc-win32-arm64-msvc': 16.4.0-canary.16
      '@next/swc-win32-x64-msvc': 16.4.0-canary.16
      sharp: 0.35.4(@types/node@22.20.1)
    transitivePeerDependencies:
      - '@babel/core'
      - '@types/node'
      - babel-plugin-macros

  nostics@1.2.0: {}

  pathe@2.0.3: {}

  perfect-debounce@2.1.0: {}

  picocolors@1.1.1: {}

  postcss@8.5.23:
    dependencies:
      nanoid: 3.3.18
      picocolors: 1.1.1
      source-map-js: 1.2.1

  react-dom@19.2.0(react@19.2.0):
    dependencies:
      react: 19.2.0
      scheduler: 0.27.0

  react@19.2.0: {}

  rou3@0.9.2: {}

  scheduler@0.27.0: {}

  semver@7.8.5:
    optional: true

  sharp@0.35.4(@types/node@22.20.1):
    dependencies:
      '@img/colour': 1.1.0
      detect-libc: 2.1.2
      semver: 7.8.5
    optionalDependencies:
      '@img/sharp-darwin-arm64': 0.35.4
      '@img/sharp-darwin-x64': 0.35.4
      '@img/sharp-freebsd-wasm32': 0.35.4
      '@img/sharp-libvips-darwin-arm64': 1.3.3
      '@img/sharp-libvips-darwin-x64': 1.3.3
      '@img/sharp-libvips-linux-arm': 1.3.3
      '@img/sharp-libvips-linux-arm64': 1.3.3
      '@img/sharp-libvips-linux-ppc64': 1.3.3
      '@img/sharp-libvips-linux-riscv64': 1.3.3
      '@img/sharp-libvips-linux-s390x': 1.3.3
      '@img/sharp-libvips-linux-x64': 1.3.3
      '@img/sharp-libvips-linuxmusl-arm64': 1.3.3
      '@img/sharp-libvips-linuxmusl-x64': 1.3.3
      '@img/sharp-linux-arm': 0.35.4
      '@img/sharp-linux-arm64': 0.35.4
      '@img/sharp-linux-ppc64': 0.35.4
      '@img/sharp-linux-riscv64': 0.35.4
      '@img/sharp-linux-s390x': 0.35.4
      '@img/sharp-linux-x64': 0.35.4
      '@img/sharp-linuxmusl-arm64': 0.35.4
      '@img/sharp-linuxmusl-x64': 0.35.4
      '@img/sharp-webcontainers-wasm32': 0.35.4
      '@img/sharp-win32-arm64': 0.35.4
      '@img/sharp-win32-ia32': 0.35.4
      '@img/sharp-win32-x64': 0.35.4
      '@types/node': 22.20.1
    optional: true

  source-map-js@1.2.1: {}

  srvx@1.0.3: {}

  styled-jsx@5.1.6(react@19.2.0):
    dependencies:
      client-only: 0.0.1
      react: 19.2.0

  tinyexec@1.3.1: {}

  tslib@2.8.1: {}

  typescript@5.9.3: {}

  ufo@1.6.4: {}

  undici-types@6.21.0: {}

  zigpty@0.2.1: {}

  zod@4.5.4: {}
